// !$*UTF8*$!
{
	archiveVersion = 1;
	classes = {
	};
	objectVersion = 56;
	objects = {

/* Begin PBXBuildFile section */
		CD9B029629DFB39000C732ED /* pothole_pluggerApp.swift in Sources */ = {isa = PBXBuildFile; fileRef = CD9B029529DFB39000C732ED /* pothole_pluggerApp.swift */; };
		CD9B029829DFB39000C732ED /* ContentView.swift in Sources */ = {isa = PBXBuildFile; fileRef = CD9B029729DFB39000C732ED /* ContentView.swift */; };
		CD9B029A29DFB39100C732ED /* Assets.xcassets in Resources */ = {isa = PBXBuildFile; fileRef = CD9B029929DFB39100C732ED /* Assets.xcassets */; };
		CD9B029D29DFB39100C732ED /* Preview Assets.xcassets in Resources */ = {isa = PBXBuildFile; fileRef = CD9B029C29DFB39100C732ED /* Preview Assets.xcassets */; };
		CD9B02A729DFB39100C732ED /* pothole_pluggerTests.swift in Sources */ = {isa = PBXBuildFile; fileRef = CD9B02A629DFB39100C732ED /* pothole_pluggerTests.swift */; };
		CD9B02B129DFB39100C732ED /* pothole_pluggerUITests.swift in Sources */ = {isa = PBXBuildFile; fileRef = CD9B02B029DFB39100C732ED /* pothole_pluggerUITests.swift */; };
		CD9B02B329DFB39100C732ED /* pothole_pluggerUITestsLaunchTests.swift in Sources */ = {isa = PBXBuildFile; fileRef = CD9B02B229DFB39100C732ED /* pothole_pluggerUITestsLaunchTests.swift */; };
/* End PBXBuildFile section */

/* Begin PBXContainerItemProxy section */
		CD9B02A329DFB39100C732ED /* PBXContainerItemProxy */ = {
			isa = PBXContainerItemProxy;
			containerPortal = CD9B028A29DFB39000C732ED /* Project object */;
			proxyType = 1;
			remoteGlobalIDString = CD9B029129DFB39000C732ED;
			remoteInfo = "pothole plugger";
		};
		CD9B02AD29DFB39100C732ED /* PBXContainerItemProxy */ = {
			isa = PBXContainerItemProxy;
			containerPortal = CD9B028A29DFB39000C732ED /* Project object */;
			proxyType = 1;
			remoteGlobalIDString = CD9B029129DFB39000C732ED;
			remoteInfo = "pothole plugger";
		};
/* End PBXContainerItemProxy section */

/* Begin PBXFileReference section */
		CD9B029229DFB39000C732ED /* pothole plugger.app */ = {isa = PBXFileReference; explicitFileType = wrapper.application; includeInIndex = 0; path = "pothole plugger.app"; sourceTree = BUILT_PRODUCTS_DIR; };
		CD9B029529DFB39000C732ED /* pothole_pluggerApp.swift */ = {isa = PBXFileReference; lastKnownFileType = sourcecode.swift; path = pothole_pluggerApp.swift; sourceTree = "<group>"; };
		CD9B029729DFB39000C732ED /* ContentView.swift */ = {isa = PBXFileReference; lastKnownFileType = sourcecode.swift; path = ContentView.swift; sourceTree = "<group>"; };
		CD9B029929DFB39100C732ED /* Assets.xcassets */ = {isa = PBXFileReference; lastKnownFileType = folder.assetcatalog; path = Assets.xcassets; sourceTree = "<group>"; };
		CD9B029C29DFB39100C732ED /* Preview Assets.xcassets */ = {isa = PBXFileReference; lastKnownFileType = folder.assetcatalog; path = "Preview Assets.xcassets"; sourceTree = "<group>"; };
		CD9B02A229DFB39100C732ED /* pothole pluggerTests.xctest */ = {isa = PBXFileReference; explicitFileType = wrapper.cfbundle; includeInIndex = 0; path = "pothole pluggerTests.xctest"; sourceTree = BUILT_PRODUCTS_DIR; };
		CD9B02A629DFB39100C732ED /* pothole_pluggerTests.swift */ = {isa = PBXFileReference; lastKnownFileType = sourcecode.swift; path = pothole_pluggerTests.swift; sourceTree = "<group>"; };
		CD9B02AC29DFB39100C732ED /* pothole pluggerUITests.xctest */ = {isa = PBXFileReference; explicitFileType = wrapper.cfbundle; includeInIndex = 0; path = "pothole pluggerUITests.xctest"; sourceTree = BUILT_PRODUCTS_DIR; };
		CD9B02B029DFB39100C732ED /* pothole_pluggerUITests.swift */ = {isa = PBXFileReference; lastKnownFileType = sourcecode.swift; path = pothole_pluggerUITests.swift; sourceTree = "<group>"; };
		CD9B02B229DFB39100C732ED /* pothole_pluggerUITestsLaunchTests.swift */ = {isa = PBXFileReference; lastKnownFileType = sourcecode.swift; path = pothole_pluggerUITestsLaunchTests.swift; sourceTree = "<group>"; };
/* End PBXFileReference section */

/* Begin PBXFrameworksBuildPhase section */
		CD9B028F29DFB39000C732ED /* Frameworks */ = {
			isa = PBXFrameworksBuildPhase;
			buildActionMask = 2147483647;
			files = (
			);
			runOnlyForDeploymentPostprocessing = 0;
		};
		CD9B029F29DFB39100C732ED /* Frameworks */ = {
			isa = PBXFrameworksBuildPhase;
			buildActionMask = 2147483647;
			files = (
			);
			runOnlyForDeploymentPostprocessing = 0;
		};
		CD9B02A929DFB39100C732ED /* Frameworks */ = {
			isa = PBXFrameworksBuildPhase;
			buildActionMask = 2147483647;
			files = (
			);
			runOnlyForDeploymentPostprocessing = 0;
		};
/* End PBXFrameworksBuildPhase section */

/* Begin PBXGroup section */
		CD9B028929DFB39000C732ED = {
			isa = PBXGroup;
			children = (
				CD9B029429DFB39000C732ED /* pothole plugger */,
				CD9B02A529DFB39100C732ED /* pothole pluggerTests */,
				CD9B02AF29DFB39100C732ED /* pothole pluggerUITests */,
				CD9B029329DFB39000C732ED /* Products */,
			);
			sourceTree = "<group>";
		};
		CD9B029329DFB39000C732ED /* Products */ = {
			isa = PBXGroup;
			children = (
				CD9B029229DFB39000C732ED /* pothole plugger.app */,
				CD9B02A229DFB39100C732ED /* pothole pluggerTests.xctest */,
				CD9B02AC29DFB39100C732ED /* pothole pluggerUITests.xctest */,
			);
			name = Products;
			sourceTree = "<group>";
		};
		CD9B029429DFB39000C732ED /* pothole plugger */ = {
			isa = PBXGroup;
			children = (
				CD9B029529DFB39000C732ED /* pothole_pluggerApp.swift */,
				CD9B029729DFB39000C732ED /* ContentView.swift */,
				CD9B029929DFB39100C732ED /* Assets.xcassets */,
				CD9B029B29DFB39100C732ED /* Preview Content */,
			);
			path = "pothole plugger";
			sourceTree = "<group>";
		};
		CD9B029B29DFB39100C732ED /* Preview Content */ = {
			isa = PBXGroup;
			children = (
				CD9B029C29DFB39100C732ED /* Preview Assets.xcassets */,
			);
			path = "Preview Content";
			sourceTree = "<group>";
		};
		CD9B02A529DFB39100C732ED /* pothole pluggerTests */ = {
			isa = PBXGroup;
			children = (
				CD9B02A629DFB39100C732ED /* pothole_pluggerTests.swift */,
			);
			path = "pothole pluggerTests";
			sourceTree = "<group>";
		};
		CD9B02AF29DFB39100C732ED /* pothole pluggerUITests */ = {
			isa = PBXGroup;
			children = (
				CD9B02B029DFB39100C732ED /* pothole_pluggerUITests.swift */,
				CD9B02B229DFB39100C732ED /* pothole_pluggerUITestsLaunchTests.swift */,
			);
			path = "pothole pluggerUITests";
			sourceTree = "<group>";
		};
/* End PBXGroup section */

/* Begin PBXNativeTarget section */
		CD9B029129DFB39000C732ED /* pothole plugger */ = {
			isa = PBXNativeTarget;
			buildConfigurationList = CD9B02B629DFB39100C732ED /* Build configuration list for PBXNativeTarget "pothole plugger" */;
			buildPhases = (
				CD9B028E29DFB39000C732ED /* Sources */,
				CD9B028F29DFB39000C732ED /* Frameworks */,
				CD9B029029DFB39000C732ED /* Resources */,
			);
			buildRules = (
			);
			dependencies = (
			);
			name = "pothole plugger";
			productName = "pothole plugger";
			productReference = CD9B029229DFB39000C732ED /* pothole plugger.app */;
			productType = "com.apple.product-type.application";
		};
		CD9B02A129DFB39100C732ED /* pothole pluggerTests */ = {
			isa = PBXNativeTarget;
			buildConfigurationList = CD9B02B929DFB39100C732ED /* Build configuration list for PBXNativeTarget "pothole pluggerTests" */;
			buildPhases = (
				CD9B029E29DFB39100C732ED /* Sources */,
				CD9B029F29DFB39100C732ED /* Frameworks */,
				CD9B02A029DFB39100C732ED /* Resources */,
			);
			buildRules = (
			);
			dependencies = (
				CD9B02A429DFB39100C732ED /* PBXTargetDependency */,
			);
			name = "pothole pluggerTests";
			productName = "pothole pluggerTests";
			productReference = CD9B02A229DFB39100C732ED /* pothole pluggerTests.xctest */;
			productType = "com.apple.product-type.bundle.unit-test";
		};
		CD9B02AB29DFB39100C732ED /* pothole pluggerUITests */ = {
			isa = PBXNativeTarget;
			buildConfigurationList = CD9B02BC29DFB39100C732ED /* Build configuration list for PBXNativeTarget "pothole pluggerUITests" */;
			buildPhases = (
				CD9B02A829DFB39100C732ED /* Sources */,
				CD9B02A929DFB39100C732ED /* Frameworks */,
				CD9B02AA29DFB39100C732ED /* Resources */,
			);
			buildRules = (
			);
			dependencies = (
				CD9B02AE29DFB39100C732ED /* PBXTargetDependency */,
			);
			name = "pothole pluggerUITests";
			productName = "pothole pluggerUITests";
			productReference = CD9B02AC29DFB39100C732ED /* pothole pluggerUITests.xctest */;
			productType = "com.apple.product-type.bundle.ui-testing";
		};
/* End PBXNativeTarget section */

/* Begin PBXProject section */
		CD9B028A29DFB39000C732ED /* Project object */ = {
			isa = PBXProject;
			attributes = {
				BuildIndependentTargetsInParallel = 1;
				LastSwiftUpdateCheck = 1430;
				LastUpgradeCheck = 1430;
				TargetAttributes = {
					CD9B029129DFB39000C732ED = {
						CreatedOnToolsVersion = 14.3;
					};
					CD9B02A129DFB39100C732ED = {
						CreatedOnToolsVersion = 14.3;
						TestTargetID = CD9B029129DFB39000C732ED;
					};
					CD9B02AB29DFB39100C732ED = {
						CreatedOnToolsVersion = 14.3;
						TestTargetID = CD9B029129DFB39000C732ED;
					};
				};
			};
			buildConfigurationList = CD9B028D29DFB39000C732ED /* Build configuration list for PBXProject "pothole plugger" */;
			compatibilityVersion = "Xcode 14.0";
			developmentRegion = en;
			hasScannedForEncodings = 0;
			knownRegions = (
				en,
				Base,
			);
			mainGroup = CD9B028929DFB39000C732ED;
			productRefGroup = CD9B029329DFB39000C732ED /* Products */;
			projectDirPath = "";
			projectRoot = "";
			targets = (
				CD9B029129DFB39000C732ED /* pothole plugger */,
				CD9B02A129DFB39100C732ED /* pothole pluggerTests */,
				CD9B02AB29DFB39100C732ED /* pothole pluggerUITests */,
			);
		};
/* End PBXProject section */

/* Begin PBXResourcesBuildPhase section */
		CD9B029029DFB39000C732ED /* Resources */ = {
			isa = PBXResourcesBuildPhase;
			buildActionMask = 2147483647;
			files = (
				CD9B029D29DFB39100C732ED /* Preview Assets.xcassets in Resources */,
				CD9B029A29DFB39100C732ED /* Assets.xcassets in Resources */,
			);
			runOnlyForDeploymentPostprocessing = 0;
		};
		CD9B02A029DFB39100C732ED /* Resources */ = {
			isa = PBXResourcesBuildPhase;
			buildActionMask = 2147483647;
			files = (
			);
			runOnlyForDeploymentPostprocessing = 0;
		};
		CD9B02AA29DFB39100C732ED /* Resources */ = {
			isa = PBXResourcesBuildPhase;
			buildActionMask = 2147483647;
			files = (
			);
			runOnlyForDeploymentPostprocessing = 0;
		};
/* End PBXResourcesBuildPhase section */

/* Begin PBXSourcesBuildPhase section */
		CD9B028E29DFB39000C732ED /* Sources */ = {
			isa = PBXSourcesBuildPhase;
			buildActionMask = 2147483647;
			files = (
				CD9B029829DFB39000C732ED /* ContentView.swift in Sources */,
				CD9B029629DFB39000C732ED /* pothole_pluggerApp.swift in Sources */,
			);
			runOnlyForDeploymentPostprocessing = 0;
		};
		CD9B029E29DFB39100C732ED /* Sources */ = {
			isa = PBXSourcesBuildPhase;
			buildActionMask = 2147483647;
			files = (
				CD9B02A729DFB39100C732ED /* pothole_pluggerTests.swift in Sources */,
			);
			runOnlyForDeploymentPostprocessing = 0;
		};
		CD9B02A829DFB39100C732ED /* Sources */ = {
			isa = PBXSourcesBuildPhase;
			buildActionMask = 2147483647;
			files = (
				CD9B02B129DFB39100C732ED /* pothole_pluggerUITests.swift in Sources */,
				CD9B02B329DFB39100C732ED /* pothole_pluggerUITestsLaunchTests.swift in Sources */,
			);
			runOnlyForDeploymentPostprocessing = 0;
		};
/* End PBXSourcesBuildPhase section */

/* Begin PBXTargetDependency section */
		CD9B02A429DFB39100C732ED /* PBXTargetDependency */ = {
			isa = PBXTargetDependency;
			target = CD9B029129DFB39000C732ED /* pothole plugger */;
			targetProxy = CD9B02A329DFB39100C732ED /* PBXContainerItemProxy */;
		};
		CD9B02AE29DFB39100C732ED /* PBXTargetDependency */ = {
			isa = PBXTargetDependency;
			target = CD9B029129DFB39000C732ED /* pothole plugger */;
			targetProxy = CD9B02AD29DFB39100C732ED /* PBXContainerItemProxy */;
		};
/* End PBXTargetDependency section */

/* Begin XCBuildConfiguration section */
		CD9B02B429DFB39100C732ED /* Debug */ = {
			isa = XCBuildConfiguration;
			buildSettings = {
				ALWAYS_SEARCH_USER_PATHS = NO;
				CLANG_ANALYZER_NONNULL = YES;
				CLANG_ANALYZER_NUMBER_OBJECT_CONVERSION = YES_AGGRESSIVE;
				CLANG_CXX_LANGUAGE_STANDARD = "gnu++20";
				CLANG_ENABLE_MODULES = YES;
				CLANG_ENABLE_OBJC_ARC = YES;
				CLANG_ENABLE_OBJC_WEAK = YES;
				CLANG_WARN_BLOCK_CAPTURE_AUTORELEASING = YES;
				CLANG_WARN_BOOL_CONVERSION = YES;
				CLANG_WARN_COMMA = YES;
				CLANG_WARN_CONSTANT_CONVERSION = YES;
				CLANG_WARN_DEPRECATED_OBJC_IMPLEMENTATIONS = YES;
				CLANG_WARN_DIRECT_OBJC_ISA_USAGE = YES_ERROR;
				CLANG_WARN_DOCUMENTATION_COMMENTS = YES;
				CLANG_WARN_EMPTY_BODY = YES;
				CLANG_WARN_ENUM_CONVERSION = YES;
				CLANG_WARN_INFINITE_RECURSION = YES;
				CLANG_WARN_INT_CONVERSION = YES;
				CLANG_WARN_NON_LITERAL_NULL_CONVERSION = YES;
				CLANG_WARN_OBJC_IMPLICIT_RETAIN_SELF = YES;
				CLANG_WARN_OBJC_LITERAL_CONVERSION = YES;
				CLANG_WARN_OBJC_ROOT_CLASS = YES_ERROR;
				CLANG_WARN_QUOTED_INCLUDE_IN_FRAMEWORK_HEADER = YES;
				CLANG_WARN_RANGE_LOOP_ANALYSIS = YES;
				CLANG_WARN_STRICT_PROTOTYPES = YES;
				CLANG_WARN_SUSPICIOUS_MOVE = YES;
				CLANG_WARN_UNGUARDED_AVAILABILITY = YES_AGGRESSIVE;
				CLANG_WARN_UNREACHABLE_CODE = YES;
				CLANG_WARN__DUPLICATE_METHOD_MATCH = YES;
				COPY_PHASE_STRIP = NO;
				DEBUG_INFORMATION_FORMAT = dwarf;
				ENABLE_STRICT_OBJC_MSGSEND = YES;
				ENABLE_TESTABILITY = YES;
				GCC_C_LANGUAGE_STANDARD = gnu11;
				GCC_DYNAMIC_NO_PIC = NO;
				GCC_NO_COMMON_BLOCKS = YES;
				GCC_OPTIMIZATION_LEVEL = 0;
				GCC_PREPROCESSOR_DEFINITIONS = (
					"DEBUG=1",
					"$(inherited)",
				);
				GCC_WARN_64_TO_32_BIT_CONVERSION = YES;
				GCC_WARN_ABOUT_RETURN_TYPE = YES_ERROR;
				GCC_WARN_UNDECLARED_SELECTOR = YES;
				GCC_WARN_UNINITIALIZED_AUTOS = YES_AGGRESSIVE;
				GCC_WARN_UNUSED_FUNCTION = YES;
				GCC_WARN_UNUSED_VARIABLE = YES;
				IPHONEOS_DEPLOYMENT_TARGET = 16.4;
				MTL_ENABLE_DEBUG_INFO = INCLUDE_SOURCE;
				MTL_FAST_MATH = YES;
				ONLY_ACTIVE_ARCH = YES;
				SDKROOT = iphoneos;
				SWIFT_ACTIVE_COMPILATION_CONDITIONS = DEBUG;
				SWIFT_OPTIMIZATION_LEVEL = "-Onone";
			};
			name = Debug;
		};
		CD9B02B529DFB39100C732ED /* Release */ = {
			isa = XCBuildConfiguration;
			buildSettings = {
				ALWAYS_SEARCH_USER_PATHS = NO;
				CLANG_ANALYZER_NONNULL = YES;
				CLANG_ANALYZER_NUMBER_OBJECT_CONVERSION = YES_AGGRESSIVE;
				CLANG_CXX_LANGUAGE_STANDARD = "gnu++20";
				CLANG_ENABLE_MODULES = YES;
				CLANG_ENABLE_OBJC_ARC = YES;
				CLANG_ENABLE_OBJC_WEAK = YES;
				CLANG_WARN_BLOCK_CAPTURE_AUTORELEASING = YES;
				CLANG_WARN_BOOL_CONVERSION = YES;
				CLANG_WARN_COMMA = YES;
				CLANG_WARN_CONSTANT_CONVERSION = YES;
				CLANG_WARN_DEPRECATED_OBJC_IMPLEMENTATIONS = YES;
				CLANG_WARN_DIRECT_OBJC_ISA_USAGE = YES_ERROR;
				CLANG_WARN_DOCUMENTATION_COMMENTS = YES;
				CLANG_WARN_EMPTY_BODY = YES;
				CLANG_WARN_ENUM_CONVERSION = YES;
				CLANG_WARN_INFINITE_RECURSION = YES;
				CLANG_WARN_INT_CONVERSION = YES;
				CLANG_WARN_NON_LITERAL_NULL_CONVERSION = YES;
				CLANG_WARN_OBJC_IMPLICIT_RETAIN_SELF = YES;
				CLANG_WARN_OBJC_LITERAL_CONVERSION = YES;
				CLANG_WARN_OBJC_ROOT_CLASS = YES_ERROR;
				CLANG_WARN_QUOTED_INCLUDE_IN_FRAMEWORK_HEADER = YES;
				CLANG_WARN_RANGE_LOOP_ANALYSIS = YES;
				CLANG_WARN_STRICT_PROTOTYPES = YES;
				CLANG_WARN_SUSPICIOUS_MOVE = YES;
				CLANG_WARN_UNGUARDED_AVAILABILITY = YES_AGGRESSIVE;
				CLANG_WARN_UNREACHABLE_CODE = YES;
				CLANG_WARN__DUPLICATE_METHOD_MATCH = YES;
				COPY_PHASE_STRIP = NO;
				DEBUG_INFORMATION_FORMAT = "dwarf-with-dsym";
				ENABLE_NS_ASSERTIONS = NO;
				ENABLE_STRICT_OBJC_MSGSEND = YES;
				GCC_C_LANGUAGE_STANDARD = gnu11;
				GCC_NO_COMMON_BLOCKS = YES;
				GCC_WARN_64_TO_32_BIT_CONVERSION = YES;
				GCC_WARN_ABOUT_RETURN_TYPE = YES_ERROR;
				GCC_WARN_UNDECLARED_SELECTOR = YES;
				GCC_WARN_UNINITIALIZED_AUTOS = YES_AGGRESSIVE;
				GCC_WARN_UNUSED_FUNCTION = YES;
				GCC_WARN_UNUSED_VARIABLE = YES;
				IPHONEOS_DEPLOYMENT_TARGET = 16.4;
				MTL_ENABLE_DEBUG_INFO = NO;
				MTL_FAST_MATH = YES;
				SDKROOT = iphoneos;
				SWIFT_COMPILATION_MODE = wholemodule;
				SWIFT_OPTIMIZATION_LEVEL = "-O";
				VALIDATE_PRODUCT = YES;
			};
			name = Release;
		};
		CD9B02B729DFB39100C732ED /* Debug */ = {
			isa = XCBuildConfiguration;
			buildSettings = {
				ASSETCATALOG_COMPILER_APPICON_NAME = AppIcon;
				ASSETCATALOG_COMPILER_GLOBAL_ACCENT_COLOR_NAME = AccentColor;
				CODE_SIGN_STYLE = Automatic;
				CURRENT_PROJECT_VERSION = 1;
				DEVELOPMENT_ASSET_PATHS = "\"pothole plugger/Preview Content\"";
				ENABLE_PREVIEWS = YES;
				GENERATE_INFOPLIST_FILE = YES;
				INFOPLIST_KEY_UIApplicationSceneManifest_Generation = YES;
				INFOPLIST_KEY_UIApplicationSupportsIndirectInputEvents = YES;
				INFOPLIST_KEY_UILaunchScreen_Generation = YES;
				INFOPLIST_KEY_UISupportedInterfaceOrientations_iPad = "UIInterfaceOrientationPortrait UIInterfaceOrientationPortraitUpsideDown UIInterfaceOrientationLandscapeLeft UIInterfaceOrientationLandscapeRight";
				INFOPLIST_KEY_UISupportedInterfaceOrientations_iPhone = "UIInterfaceOrientationPortrait UIInterfaceOrientationLandscapeLeft UIInterfaceOrientationLandscapeRight";
				LD_RUNPATH_SEARCH_PATHS = (
					"$(inherited)",
					"@executable_path/Frameworks",
				);
				MARKETING_VERSION = 1.0;
				PRODUCT_BUNDLE_IDENTIFIER = "Max.pothole-plugger";
				PRODUCT_NAME = "$(TARGET_NAME)";
				SWIFT_EMIT_LOC_STRINGS = YES;
				SWIFT_VERSION = 5.0;
				TARGETED_DEVICE_FAMILY = "1,2";
			};
			name = Debug;
		};
		CD9B02B829DFB39100C732ED /* Release */ = {
			isa = XCBuildConfiguration;
			buildSettings = {
				ASSETCATALOG_COMPILER_APPICON_NAME = AppIcon;
				ASSETCATALOG_COMPILER_GLOBAL_ACCENT_COLOR_NAME = AccentColor;
				CODE_SIGN_STYLE = Automatic;
				CURRENT_PROJECT_VERSION = 1;
				DEVELOPMENT_ASSET_PATHS = "\"pothole plugger/Preview Content\"";
				ENABLE_PREVIEWS = YES;
				GENERATE_INFOPLIST_FILE = YES;
				INFOPLIST_KEY_UIApplicationSceneManifest_Generation = YES;
				INFOPLIST_KEY_UIApplicationSupportsIndirectInputEvents = YES;
				INFOPLIST_KEY_UILaunchScreen_Generation = YES;
				INFOPLIST_KEY_UISupportedInterfaceOrientations_iPad = "UIInterfaceOrientationPortrait UIInterfaceOrientationPortraitUpsideDown UIInterfaceOrientationLandscapeLeft UIInterfaceOrientationLandscapeRight";
				INFOPLIST_KEY_UISupportedInterfaceOrientations_iPhone = "UIInterfaceOrientationPortrait UIInterfaceOrientationLandscapeLeft UIInterfaceOrientationLandscapeRight";
				LD_RUNPATH_SEARCH_PATHS = (
					"$(inherited)",
					"@executable_path/Frameworks",
				);
				MARKETING_VERSION = 1.0;
				PRODUCT_BUNDLE_IDENTIFIER = "Max.pothole-plugger";
				PRODUCT_NAME = "$(TARGET_NAME)";
				SWIFT_EMIT_LOC_STRINGS = YES;
				SWIFT_VERSION = 5.0;
				TARGETED_DEVICE_FAMILY = "1,2";
			};
			name = Release;
		};
		CD9B02BA29DFB39100C732ED /* Debug */ = {
			isa = XCBuildConfiguration;
			buildSettings = {
				ALWAYS_EMBED_SWIFT_STANDARD_LIBRARIES = YES;
				BUNDLE_LOADER = "$(TEST_HOST)";
				CODE_SIGN_STYLE = Automatic;
				CURRENT_PROJECT_VERSION = 1;
				GENERATE_INFOPLIST_FILE = YES;
				IPHONEOS_DEPLOYMENT_TARGET = 16.4;
				MARKETING_VERSION = 1.0;
				PRODUCT_BUNDLE_IDENTIFIER = "Max.pothole-pluggerTests";
				PRODUCT_NAME = "$(TARGET_NAME)";
				SWIFT_EMIT_LOC_STRINGS = NO;
				SWIFT_VERSION = 5.0;
				TARGETED_DEVICE_FAMILY = "1,2";
				TEST_HOST = "$(BUILT_PRODUCTS_DIR)/pothole plugger.app/$(BUNDLE_EXECUTABLE_FOLDER_PATH)/pothole plugger";
			};
			name = Debug;
		};
		CD9B02BB29DFB39100C732ED /* Release */ = {
			isa = XCBuildConfiguration;
			buildSettings = {
				ALWAYS_EMBED_SWIFT_STANDARD_LIBRARIES = YES;
				BUNDLE_LOADER = "$(TEST_HOST)";
				CODE_SIGN_STYLE = Automatic;
				CURRENT_PROJECT_VERSION = 1;
				GENERATE_INFOPLIST_FILE = YES;
				IPHONEOS_DEPLOYMENT_TARGET = 16.4;
				MARKETING_VERSION = 1.0;
				PRODUCT_BUNDLE_IDENTIFIER = "Max.pothole-pluggerTests";
				PRODUCT_NAME = "$(TARGET_NAME)";
				SWIFT_EMIT_LOC_STRINGS = NO;
				SWIFT_VERSION = 5.0;
				TARGETED_DEVICE_FAMILY = "1,2";
				TEST_HOST = "$(BUILT_PRODUCTS_DIR)/pothole plugger.app/$(BUNDLE_EXECUTABLE_FOLDER_PATH)/pothole plugger";
			};
			name = Release;
		};
		CD9B02BD29DFB39100C732ED /* Debug */ = {
			isa = XCBuildConfiguration;
			buildSettings = {
				ALWAYS_EMBED_SWIFT_STANDARD_LIBRARIES = YES;
				CODE_SIGN_STYLE = Automatic;
				CURRENT_PROJECT_VERSION = 1;
				GENERATE_INFOPLIST_FILE = YES;
				MARKETING_VERSION = 1.0;
				PRODUCT_BUNDLE_IDENTIFIER = "Max.pothole-pluggerUITests";
				PRODUCT_NAME = "$(TARGET_NAME)";
				SWIFT_EMIT_LOC_STRINGS = NO;
				SWIFT_VERSION = 5.0;
				TARGETED_DEVICE_FAMILY = "1,2";
				TEST_TARGET_NAME = "pothole plugger";
			};
			name = Debug;
		};
		CD9B02BE29DFB39100C732ED /* Release */ = {
			isa = XCBuildConfiguration;
			buildSettings = {
				ALWAYS_EMBED_SWIFT_STANDARD_LIBRARIES = YES;
				CODE_SIGN_STYLE = Automatic;
				CURRENT_PROJECT_VERSION = 1;
				GENERATE_INFOPLIST_FILE = YES;
				MARKETING_VERSION = 1.0;
				PRODUCT_BUNDLE_IDENTIFIER = "Max.pothole-pluggerUITests";
				PRODUCT_NAME = "$(TARGET_NAME)";
				SWIFT_EMIT_LOC_STRINGS = NO;
				SWIFT_VERSION = 5.0;
				TARGETED_DEVICE_FAMILY = "1,2";
				TEST_TARGET_NAME = "pothole plugger";
			};
			name = Release;
		};
/* End XCBuildConfiguration section */

/* Begin XCConfigurationList section */
		CD9B028D29DFB39000C732ED /* Build configuration list for PBXProject "pothole plugger" */ = {
			isa = XCConfigurationList;
			buildConfigurations = (
				CD9B02B429DFB39100C732ED /* Debug */,
				CD9B02B529DFB39100C732ED /* Release */,
			);
			defaultConfigurationIsVisible = 0;
			defaultConfigurationName = Release;
		};
		CD9B02B629DFB39100C732ED /* Build configuration list for PBXNativeTarget "pothole plugger" */ = {
			isa = XCConfigurationList;
			buildConfigurations = (
				CD9B02B729DFB39100C732ED /* Debug */,
				CD9B02B829DFB39100C732ED /* Release */,
			);
			defaultConfigurationIsVisible = 0;
			defaultConfigurationName = Release;
		};
		CD9B02B929DFB39100C732ED /* Build configuration list for PBXNativeTarget "pothole pluggerTests" */ = {
			isa = XCConfigurationList;
			buildConfigurations = (
				CD9B02BA29DFB39100C732ED /* Debug */,
				CD9B02BB29DFB39100C732ED /* Release */,
			);
			defaultConfigurationIsVisible = 0;
			defaultConfigurationName = Release;
		};
		CD9B02BC29DFB39100C732ED /* Build configuration list for PBXNativeTarget "pothole pluggerUITests" */ = {
			isa = XCConfigurationList;
			buildConfigurations = (
				CD9B02BD29DFB39100C732ED /* Debug */,
				CD9B02BE29DFB39100C732ED /* Release */,
			);
			defaultConfigurationIsVisible = 0;
			defaultConfigurationName = Release;
		};
/* End XCConfigurationList section */
	};
	rootObject = CD9B028A29DFB39000C732ED /* Project object */;
}
